
Microsoft Visual Studio Solution File, Format Version 12.00
# Visual Studio Version 17
VisualStudioVersion = 17.6.33717.318
MinimumVisualStudioVersion = 10.0.40219.1
Project("{E24C65DC-7377-472B-9ABA-BC803B73C61A}") = "DecisionMaker", ".", "{A136ED4E-643A-46E9-9773-F75F85AB9C7F}"
	ProjectSection(WebsiteProperties) = preProject
		TargetFrameworkMoniker = ".NETFramework,Version%3Dv4.7.2"
		Debug.AspNetCompiler.VirtualPath = "/localhost_58761"
		Debug.AspNetCompiler.PhysicalPath = "..\DecisionMaker\"
		Debug.AspNetCompiler.TargetPath = "PrecompiledWeb\localhost_58761\"
		Debug.AspNetCompiler.Updateable = "true"
		Debug.AspNetCompiler.ForceOverwrite = "true"
		Debug.AspNetCompiler.FixedNames = "false"
		Debug.AspNetCompiler.Debug = "True"
		Release.AspNetCompiler.VirtualPath = "/localhost_58761"
		Release.AspNetCompiler.PhysicalPath = "..\DecisionMaker\"
		Release.AspNetCompiler.TargetPath = "PrecompiledWeb\localhost_58761\"
		Release.AspNetCompiler.Updateable = "true"
		Release.AspNetCompiler.ForceOverwrite = "true"
		Release.AspNetCompiler.FixedNames = "false"
		Release.AspNetCompiler.Debug = "False"
		VWDPort = "58761"
		SlnRelativePath = "..\DecisionMaker\"
		DefaultWebSiteLanguage = "Visual C#"
	EndProjectSection
EndProject
Global
	GlobalSection(SolutionConfigurationPlatforms) = preSolution
		Debug|Any CPU = Debug|Any CPU
	EndGlobalSection
	GlobalSection(ProjectConfigurationPlatforms) = postSolution
		{A136ED4E-643A-46E9-9773-F75F85AB9C7F}.Debug|Any CPU.ActiveCfg = Debug|Any CPU
		{A136ED4E-643A-46E9-9773-F75F85AB9C7F}.Debug|Any CPU.Build.0 = Debug|Any CPU
	EndGlobalSection
	GlobalSection(SolutionProperties) = preSolution
		HideSolutionNode = FALSE
	EndGlobalSection
	GlobalSection(ExtensibilityGlobals) = postSolution
		SolutionGuid = {2BCFC951-7264-4DC7-8B5C-5EC25A80BED8}
	EndGlobalSection
EndGlobal
